PODS:
  - OLCategoryHelper/NSString+BOOL (0.0.2)
  - OLCategoryHelper/UIDevice+Resolutions (0.0.2)
  - OLCategoryHelper/UIView+ViewFrameGeometry (0.0.2)

DEPENDENCIES:
  - OLCategoryHelper/NSString+BOOL (~> 0.0.2)
  - OLCategoryHelper/UIDevice+Resolutions (~> 0.0.2)
  - OLCategoryHelper/UIView+ViewFrameGeometry (~> 0.0.2)

SPEC CHECKSUMS:
  OLCategoryHelper: 9df55b38509cca748455a31098dc7b366a8876c5

COCOAPODS: 0.26.2
