// !$*UTF8*$!
{
	archiveVersion = 1;
	classes = {
	};
	objectVersion = 46;
	objects = {

/* Begin PBXBuildFile section */
		6FD8CD32180DFC61008FF4D2 /* Foundation.framework in Frameworks */ = {isa = PBXBuildFile; fileRef = 6FD8CD31180DFC61008FF4D2 /* Foundation.framework */; };
		6FD8CD34180DFC61008FF4D2 /* CoreGraphics.framework in Frameworks */ = {isa = PBXBuildFile; fileRef = 6FD8CD33180DFC61008FF4D2 /* CoreGraphics.framework */; };
		6FD8CD36180DFC61008FF4D2 /* UIKit.framework in Frameworks */ = {isa = PBXBuildFile; fileRef = 6FD8CD35180DFC61008FF4D2 /* UIKit.framework */; };
		6FD8CD3C180DFC61008FF4D2 /* InfoPlist.strings in Resources */ = {isa = PBXBuildFile; fileRef = 6FD8CD3A180DFC61008FF4D2 /* InfoPlist.strings */; };
		6FD8CD3E180DFC61008FF4D2 /* main.m in Sources */ = {isa = PBXBuildFile; fileRef = 6FD8CD3D180DFC61008FF4D2 /* main.m */; };
		6FD8CD42180DFC61008FF4D2 /* OLAppDelegate.m in Sources */ = {isa = PBXBuildFile; fileRef = 6FD8CD41180DFC61008FF4D2 /* OLAppDelegate.m */; };
		6FD8CD45180DFC61008FF4D2 /* Main.storyboard in Resources */ = {isa = PBXBuildFile; fileRef = 6FD8CD43180DFC61008FF4D2 /* Main.storyboard */; };
		6FD8CD48180DFC61008FF4D2 /* OLViewController.m in Sources */ = {isa = PBXBuildFile; fileRef = 6FD8CD47180DFC61008FF4D2 /* OLViewController.m */; };
		6FD8CD4A180DFC61008FF4D2 /* Images.xcassets in Resources */ = {isa = PBXBuildFile; fileRef = 6FD8CD49180DFC61008FF4D2 /* Images.xcassets */; };
		6FD8CD6D180DFD52008FF4D2 /* OLImperialMenuView.m in Sources */ = {isa = PBXBuildFile; fileRef = 6FD8CD68180DFD52008FF4D2 /* OLImperialMenuView.m */; };
		6FD8CD6E180DFD52008FF4D2 /* UIButton+PassTouch.m in Sources */ = {isa = PBXBuildFile; fileRef = 6FD8CD6C180DFD52008FF4D2 /* UIButton+PassTouch.m */; };
		D7B063434761442DBA296F81 /* libPods.a in Frameworks */ = {isa = PBXBuildFile; fileRef = 1BCA2A39591843C995D65D81 /* libPods.a */; };
/* End PBXBuildFile section */

/* Begin PBXFileReference section */
		1BCA2A39591843C995D65D81 /* libPods.a */ = {isa = PBXFileReference; explicitFileType = archive.ar; includeInIndex = 0; path = libPods.a; sourceTree = BUILT_PRODUCTS_DIR; };
		6FD8CD2E180DFC61008FF4D2 /* OLImperialMenuDemo.app */ = {isa = PBXFileReference; explicitFileType = wrapper.application; includeInIndex = 0; path = OLImperialMenuDemo.app; sourceTree = BUILT_PRODUCTS_DIR; };
		6FD8CD31180DFC61008FF4D2 /* Foundation.framework */ = {isa = PBXFileReference; lastKnownFileType = wrapper.framework; name = Foundation.framework; path = System/Library/Frameworks/Foundation.framework; sourceTree = SDKROOT; };
		6FD8CD33180DFC61008FF4D2 /* CoreGraphics.framework */ = {isa = PBXFileReference; lastKnownFileType = wrapper.framework; name = CoreGraphics.framework; path = System/Library/Frameworks/CoreGraphics.framework; sourceTree = SDKROOT; };
		6FD8CD35180DFC61008FF4D2 /* UIKit.framework */ = {isa = PBXFileReference; lastKnownFileType = wrapper.framework; name = UIKit.framework; path = System/Library/Frameworks/UIKit.framework; sourceTree = SDKROOT; };
		6FD8CD39180DFC61008FF4D2 /* OLImperialMenuDemo-Info.plist */ = {isa = PBXFileReference; lastKnownFileType = text.plist.xml; path = "OLImperialMenuDemo-Info.plist"; sourceTree = "<group>"; };
		6FD8CD3B180DFC61008FF4D2 /* en */ = {isa = PBXFileReference; lastKnownFileType = text.plist.strings; name = en; path = en.lproj/InfoPlist.strings; sourceTree = "<group>"; };
		6FD8CD3D180DFC61008FF4D2 /* main.m */ = {isa = PBXFileReference; lastKnownFileType = sourcecode.c.objc; path = main.m; sourceTree = "<group>"; };
		6FD8CD3F180DFC61008FF4D2 /* OLImperialMenuDemo-Prefix.pch */ = {isa = PBXFileReference; lastKnownFileType = sourcecode.c.h; path = "OLImperialMenuDemo-Prefix.pch"; sourceTree = "<group>"; };
		6FD8CD40180DFC61008FF4D2 /* OLAppDelegate.h */ = {isa = PBXFileReference; lastKnownFileType = sourcecode.c.h; path = OLAppDelegate.h; sourceTree = "<group>"; };
		6FD8CD41180DFC61008FF4D2 /* OLAppDelegate.m */ = {isa = PBXFileReference; lastKnownFileType = sourcecode.c.objc; path = OLAppDelegate.m; sourceTree = "<group>"; };
		6FD8CD44180DFC61008FF4D2 /* Base */ = {isa = PBXFileReference; lastKnownFileType = file.storyboard; name = Base; path = Base.lproj/Main.storyboard; sourceTree = "<group>"; };
		6FD8CD46180DFC61008FF4D2 /* OLViewController.h */ = {isa = PBXFileReference; lastKnownFileType = sourcecode.c.h; path = OLViewController.h; sourceTree = "<group>"; };
		6FD8CD47180DFC61008FF4D2 /* OLViewController.m */ = {isa = PBXFileReference; lastKnownFileType = sourcecode.c.objc; path = OLViewController.m; sourceTree = "<group>"; };
		6FD8CD49180DFC61008FF4D2 /* Images.xcassets */ = {isa = PBXFileReference; lastKnownFileType = folder.assetcatalog; path = Images.xcassets; sourceTree = "<group>"; };
		6FD8CD50180DFC62008FF4D2 /* XCTest.framework */ = {isa = PBXFileReference; lastKnownFileType = wrapper.framework; name = XCTest.framework; path = Library/Frameworks/XCTest.framework; sourceTree = DEVELOPER_DIR; };
		6FD8CD67180DFD52008FF4D2 /* OLImperialMenuView.h */ = {isa = PBXFileReference; fileEncoding = 4; lastKnownFileType = sourcecode.c.h; path = OLImperialMenuView.h; sourceTree = "<group>"; };
		6FD8CD68180DFD52008FF4D2 /* OLImperialMenuView.m */ = {isa = PBXFileReference; fileEncoding = 4; lastKnownFileType = sourcecode.c.objc; path = OLImperialMenuView.m; sourceTree = "<group>"; };
		6FD8CD69180DFD52008FF4D2 /* OLImperialMenuViewDelegate.h */ = {isa = PBXFileReference; fileEncoding = 4; lastKnownFileType = sourcecode.c.h; path = OLImperialMenuViewDelegate.h; sourceTree = "<group>"; };
		6FD8CD6B180DFD52008FF4D2 /* UIButton+PassTouch.h */ = {isa = PBXFileReference; fileEncoding = 4; lastKnownFileType = sourcecode.c.h; path = "UIButton+PassTouch.h"; sourceTree = "<group>"; };
		6FD8CD6C180DFD52008FF4D2 /* UIButton+PassTouch.m */ = {isa = PBXFileReference; fileEncoding = 4; lastKnownFileType = sourcecode.c.objc; path = "UIButton+PassTouch.m"; sourceTree = "<group>"; };
		C92B20FEE3A8442FB40F7DF4 /* Pods.xcconfig */ = {isa = PBXFileReference; includeInIndex = 1; lastKnownFileType = text.xcconfig; name = Pods.xcconfig; path = Pods/Pods.xcconfig; sourceTree = "<group>"; };
/* End PBXFileReference section */

/* Begin PBXFrameworksBuildPhase section */
		6FD8CD2B180DFC61008FF4D2 /* Frameworks */ = {
			isa = PBXFrameworksBuildPhase;
			buildActionMask = 2147483647;
			files = (
				6FD8CD34180DFC61008FF4D2 /* CoreGraphics.framework in Frameworks */,
				6FD8CD36180DFC61008FF4D2 /* UIKit.framework in Frameworks */,
				6FD8CD32180DFC61008FF4D2 /* Foundation.framework in Frameworks */,
				D7B063434761442DBA296F81 /* libPods.a in Frameworks */,
			);
			runOnlyForDeploymentPostprocessing = 0;
		};
/* End PBXFrameworksBuildPhase section */

/* Begin PBXGroup section */
		6FD8CD25180DFC61008FF4D2 = {
			isa = PBXGroup;
			children = (
				6FD8CD66180DFD52008FF4D2 /* src */,
				6FD8CD37180DFC61008FF4D2 /* OLImperialMenuDemo */,
				6FD8CD38180DFC61008FF4D2 /* Supporting Files */,
				6FD8CD30180DFC61008FF4D2 /* Frameworks */,
				6FD8CD2F180DFC61008FF4D2 /* Products */,
				C92B20FEE3A8442FB40F7DF4 /* Pods.xcconfig */,
			);
			sourceTree = "<group>";
		};
		6FD8CD2F180DFC61008FF4D2 /* Products */ = {
			isa = PBXGroup;
			children = (
				6FD8CD2E180DFC61008FF4D2 /* OLImperialMenuDemo.app */,
			);
			name = Products;
			sourceTree = "<group>";
		};
		6FD8CD30180DFC61008FF4D2 /* Frameworks */ = {
			isa = PBXGroup;
			children = (
				6FD8CD31180DFC61008FF4D2 /* Foundation.framework */,
				6FD8CD33180DFC61008FF4D2 /* CoreGraphics.framework */,
				6FD8CD35180DFC61008FF4D2 /* UIKit.framework */,
				6FD8CD50180DFC62008FF4D2 /* XCTest.framework */,
				1BCA2A39591843C995D65D81 /* libPods.a */,
			);
			name = Frameworks;
			sourceTree = "<group>";
		};
		6FD8CD37180DFC61008FF4D2 /* OLImperialMenuDemo */ = {
			isa = PBXGroup;
			children = (
				6FD8CD40180DFC61008FF4D2 /* OLAppDelegate.h */,
				6FD8CD41180DFC61008FF4D2 /* OLAppDelegate.m */,
				6FD8CD43180DFC61008FF4D2 /* Main.storyboard */,
				6FD8CD46180DFC61008FF4D2 /* OLViewController.h */,
				6FD8CD47180DFC61008FF4D2 /* OLViewController.m */,
				6FD8CD49180DFC61008FF4D2 /* Images.xcassets */,
			);
			path = OLImperialMenuDemo;
			sourceTree = "<group>";
		};
		6FD8CD38180DFC61008FF4D2 /* Supporting Files */ = {
			isa = PBXGroup;
			children = (
				6FD8CD39180DFC61008FF4D2 /* OLImperialMenuDemo-Info.plist */,
				6FD8CD3A180DFC61008FF4D2 /* InfoPlist.strings */,
				6FD8CD3D180DFC61008FF4D2 /* main.m */,
				6FD8CD3F180DFC61008FF4D2 /* OLImperialMenuDemo-Prefix.pch */,
			);
			name = "Supporting Files";
			path = OLImperialMenuDemo;
			sourceTree = "<group>";
		};
		6FD8CD66180DFD52008FF4D2 /* src */ = {
			isa = PBXGroup;
			children = (
				6FD8CD6A180DFD52008FF4D2 /* UIButton+PassTouch */,
				6FD8CD67180DFD52008FF4D2 /* OLImperialMenuView.h */,
				6FD8CD68180DFD52008FF4D2 /* OLImperialMenuView.m */,
				6FD8CD69180DFD52008FF4D2 /* OLImperialMenuViewDelegate.h */,
			);
			name = src;
			path = ../../src;
			sourceTree = "<group>";
		};
		6FD8CD6A180DFD52008FF4D2 /* UIButton+PassTouch */ = {
			isa = PBXGroup;
			children = (
				6FD8CD6B180DFD52008FF4D2 /* UIButton+PassTouch.h */,
				6FD8CD6C180DFD52008FF4D2 /* UIButton+PassTouch.m */,
			);
			path = "UIButton+PassTouch";
			sourceTree = "<group>";
		};
/* End PBXGroup section */

/* Begin PBXNativeTarget section */
		6FD8CD2D180DFC61008FF4D2 /* OLImperialMenuDemo */ = {
			isa = PBXNativeTarget;
			buildConfigurationList = 6FD8CD60180DFC62008FF4D2 /* Build configuration list for PBXNativeTarget "OLImperialMenuDemo" */;
			buildPhases = (
				218F8F9D1206419093C4071D /* Check Pods Manifest.lock */,
				6FD8CD2A180DFC61008FF4D2 /* Sources */,
				6FD8CD2B180DFC61008FF4D2 /* Frameworks */,
				6FD8CD2C180DFC61008FF4D2 /* Resources */,
				3844B2AF56D847D0A9618332 /* Copy Pods Resources */,
			);
			buildRules = (
			);
			dependencies = (
			);
			name = OLImperialMenuDemo;
			productName = OLImperialMenuDemo;
			productReference = 6FD8CD2E180DFC61008FF4D2 /* OLImperialMenuDemo.app */;
			productType = "com.apple.product-type.application";
		};
/* End PBXNativeTarget section */

/* Begin PBXProject section */
		6FD8CD26180DFC61008FF4D2 /* Project object */ = {
			isa = PBXProject;
			attributes = {
				CLASSPREFIX = OL;
				LastUpgradeCheck = 0500;
				ORGANIZATIONNAME = "Octalord Information Inc.";
			};
			buildConfigurationList = 6FD8CD29180DFC61008FF4D2 /* Build configuration list for PBXProject "OLImperialMenuDemo" */;
			compatibilityVersion = "Xcode 3.2";
			developmentRegion = English;
			hasScannedForEncodings = 0;
			knownRegions = (
				en,
				Base,
			);
			mainGroup = 6FD8CD25180DFC61008FF4D2;
			productRefGroup = 6FD8CD2F180DFC61008FF4D2 /* Products */;
			projectDirPath = "";
			projectRoot = "";
			targets = (
				6FD8CD2D180DFC61008FF4D2 /* OLImperialMenuDemo */,
			);
		};
/* End PBXProject section */

/* Begin PBXResourcesBuildPhase section */
		6FD8CD2C180DFC61008FF4D2 /* Resources */ = {
			isa = PBXResourcesBuildPhase;
			buildActionMask = 2147483647;
			files = (
				6FD8CD4A180DFC61008FF4D2 /* Images.xcassets in Resources */,
				6FD8CD3C180DFC61008FF4D2 /* InfoPlist.strings in Resources */,
				6FD8CD45180DFC61008FF4D2 /* Main.storyboard in Resources */,
			);
			runOnlyForDeploymentPostprocessing = 0;
		};
/* End PBXResourcesBuildPhase section */

/* Begin PBXShellScriptBuildPhase section */
		218F8F9D1206419093C4071D /* Check Pods Manifest.lock */ = {
			isa = PBXShellScriptBuildPhase;
			buildActionMask = 2147483647;
			files = (
			);
			inputPaths = (
			);
			name = "Check Pods Manifest.lock";
			outputPaths = (
			);
			runOnlyForDeploymentPostprocessing = 0;
			shellPath = /bin/sh;
			shellScript = "diff \"${PODS_ROOT}/../Podfile.lock\" \"${PODS_ROOT}/Manifest.lock\" > /dev/null\nif [[ $? != 0 ]] ; then\n    cat << EOM\nerror: The sandbox is not in sync with the Podfile.lock. Run 'pod install' or update your CocoaPods installation.\nEOM\n    exit 1\nfi\n";
			showEnvVarsInLog = 0;
		};
		3844B2AF56D847D0A9618332 /* Copy Pods Resources */ = {
			isa = PBXShellScriptBuildPhase;
			buildActionMask = 2147483647;
			files = (
			);
			inputPaths = (
			);
			name = "Copy Pods Resources";
			outputPaths = (
			);
			runOnlyForDeploymentPostprocessing = 0;
			shellPath = /bin/sh;
			shellScript = "\"${SRCROOT}/Pods/Pods-resources.sh\"\n";
			showEnvVarsInLog = 0;
		};
/* End PBXShellScriptBuildPhase section */

/* Begin PBXSourcesBuildPhase section */
		6FD8CD2A180DFC61008FF4D2 /* Sources */ = {
			isa = PBXSourcesBuildPhase;
			buildActionMask = 2147483647;
			files = (
				6FD8CD3E180DFC61008FF4D2 /* main.m in Sources */,
				6FD8CD6E180DFD52008FF4D2 /* UIButton+PassTouch.m in Sources */,
				6FD8CD6D180DFD52008FF4D2 /* OLImperialMenuView.m in Sources */,
				6FD8CD42180DFC61008FF4D2 /* OLAppDelegate.m in Sources */,
				6FD8CD48180DFC61008FF4D2 /* OLViewController.m in Sources */,
			);
			runOnlyForDeploymentPostprocessing = 0;
		};
/* End PBXSourcesBuildPhase section */

/* Begin PBXVariantGroup section */
		6FD8CD3A180DFC61008FF4D2 /* InfoPlist.strings */ = {
			isa = PBXVariantGroup;
			children = (
				6FD8CD3B180DFC61008FF4D2 /* en */,
			);
			name = InfoPlist.strings;
			sourceTree = "<group>";
		};
		6FD8CD43180DFC61008FF4D2 /* Main.storyboard */ = {
			isa = PBXVariantGroup;
			children = (
				6FD8CD44180DFC61008FF4D2 /* Base */,
			);
			name = Main.storyboard;
			sourceTree = "<group>";
		};
/* End PBXVariantGroup section */

/* Begin XCBuildConfiguration section */
		6FD8CD5E180DFC62008FF4D2 /* Debug */ = {
			isa = XCBuildConfiguration;
			buildSettings = {
				ALWAYS_SEARCH_USER_PATHS = NO;
				ARCHS = "$(ARCHS_STANDARD_INCLUDING_64_BIT)";
				CLANG_CXX_LANGUAGE_STANDARD = "gnu++0x";
				CLANG_CXX_LIBRARY = "libc++";
				CLANG_ENABLE_MODULES = YES;
				CLANG_ENABLE_OBJC_ARC = YES;
				CLANG_WARN_BOOL_CONVERSION = YES;
				CLANG_WARN_CONSTANT_CONVERSION = YES;
				CLANG_WARN_DIRECT_OBJC_ISA_USAGE = YES_ERROR;
				CLANG_WARN_EMPTY_BODY = YES;
				CLANG_WARN_ENUM_CONVERSION = YES;
				CLANG_WARN_INT_CONVERSION = YES;
				CLANG_WARN_OBJC_ROOT_CLASS = YES_ERROR;
				CLANG_WARN__DUPLICATE_METHOD_MATCH = YES;
				"CODE_SIGN_IDENTITY[sdk=iphoneos*]" = "iPhone Developer";
				COPY_PHASE_STRIP = NO;
				GCC_C_LANGUAGE_STANDARD = gnu99;
				GCC_DYNAMIC_NO_PIC = NO;
				GCC_OPTIMIZATION_LEVEL = 0;
				GCC_PREPROCESSOR_DEFINITIONS = (
					"DEBUG=1",
					"$(inherited)",
				);
				GCC_SYMBOLS_PRIVATE_EXTERN = NO;
				GCC_WARN_64_TO_32_BIT_CONVERSION = YES;
				GCC_WARN_ABOUT_RETURN_TYPE = YES_ERROR;
				GCC_WARN_UNDECLARED_SELECTOR = YES;
				GCC_WARN_UNINITIALIZED_AUTOS = YES;
				GCC_WARN_UNUSED_FUNCTION = YES;
				GCC_WARN_UNUSED_VARIABLE = YES;
				IPHONEOS_DEPLOYMENT_TARGET = 7.0;
				ONLY_ACTIVE_ARCH = YES;
				SDKROOT = iphoneos;
			};
			name = Debug;
		};
		6FD8CD5F180DFC62008FF4D2 /* Release */ = {
			isa = XCBuildConfiguration;
			buildSettings = {
				ALWAYS_SEARCH_USER_PATHS = NO;
				ARCHS = "$(ARCHS_STANDARD_INCLUDING_64_BIT)";
				CLANG_CXX_LANGUAGE_STANDARD = "gnu++0x";
				CLANG_CXX_LIBRARY = "libc++";
				CLANG_ENABLE_MODULES = YES;
				CLANG_ENABLE_OBJC_ARC = YES;
				CLANG_WARN_BOOL_CONVERSION = YES;
				CLANG_WARN_CONSTANT_CONVERSION = YES;
				CLANG_WARN_DIRECT_OBJC_ISA_USAGE = YES_ERROR;
				CLANG_WARN_EMPTY_BODY = YES;
				CLANG_WARN_ENUM_CONVERSION = YES;
				CLANG_WARN_INT_CONVERSION = YES;
				CLANG_WARN_OBJC_ROOT_CLASS = YES_ERROR;
				CLANG_WARN__DUPLICATE_METHOD_MATCH = YES;
				"CODE_SIGN_IDENTITY[sdk=iphoneos*]" = "iPhone Developer";
				COPY_PHASE_STRIP = YES;
				ENABLE_NS_ASSERTIONS = NO;
				GCC_C_LANGUAGE_STANDARD = gnu99;
				GCC_WARN_64_TO_32_BIT_CONVERSION = YES;
				GCC_WARN_ABOUT_RETURN_TYPE = YES_ERROR;
				GCC_WARN_UNDECLARED_SELECTOR = YES;
				GCC_WARN_UNINITIALIZED_AUTOS = YES;
				GCC_WARN_UNUSED_FUNCTION = YES;
				GCC_WARN_UNUSED_VARIABLE = YES;
				IPHONEOS_DEPLOYMENT_TARGET = 7.0;
				SDKROOT = iphoneos;
				VALIDATE_PRODUCT = YES;
			};
			name = Release;
		};
		6FD8CD61180DFC62008FF4D2 /* Debug */ = {
			isa = XCBuildConfiguration;
			baseConfigurationReference = C92B20FEE3A8442FB40F7DF4 /* Pods.xcconfig */;
			buildSettings = {
				ASSETCATALOG_COMPILER_APPICON_NAME = AppIcon;
				ASSETCATALOG_COMPILER_LAUNCHIMAGE_NAME = LaunchImage;
				GCC_PRECOMPILE_PREFIX_HEADER = YES;
				GCC_PREFIX_HEADER = "OLImperialMenuDemo/OLImperialMenuDemo-Prefix.pch";
				INFOPLIST_FILE = "OLImperialMenuDemo/OLImperialMenuDemo-Info.plist";
				PRODUCT_NAME = "$(TARGET_NAME)";
				WRAPPER_EXTENSION = app;
			};
			name = Debug;
		};
		6FD8CD62180DFC62008FF4D2 /* Release */ = {
			isa = XCBuildConfiguration;
			baseConfigurationReference = C92B20FEE3A8442FB40F7DF4 /* Pods.xcconfig */;
			buildSettings = {
				ASSETCATALOG_COMPILER_APPICON_NAME = AppIcon;
				ASSETCATALOG_COMPILER_LAUNCHIMAGE_NAME = LaunchImage;
				GCC_PRECOMPILE_PREFIX_HEADER = YES;
				GCC_PREFIX_HEADER = "OLImperialMenuDemo/OLImperialMenuDemo-Prefix.pch";
				INFOPLIST_FILE = "OLImperialMenuDemo/OLImperialMenuDemo-Info.plist";
				PRODUCT_NAME = "$(TARGET_NAME)";
				WRAPPER_EXTENSION = app;
			};
			name = Release;
		};
/* End XCBuildConfiguration section */

/* Begin XCConfigurationList section */
		6FD8CD29180DFC61008FF4D2 /* Build configuration list for PBXProject "OLImperialMenuDemo" */ = {
			isa = XCConfigurationList;
			buildConfigurations = (
				6FD8CD5E180DFC62008FF4D2 /* Debug */,
				6FD8CD5F180DFC62008FF4D2 /* Release */,
			);
			defaultConfigurationIsVisible = 0;
			defaultConfigurationName = Release;
		};
		6FD8CD60180DFC62008FF4D2 /* Build configuration list for PBXNativeTarget "OLImperialMenuDemo" */ = {
			isa = XCConfigurationList;
			buildConfigurations = (
				6FD8CD61180DFC62008FF4D2 /* Debug */,
				6FD8CD62180DFC62008FF4D2 /* Release */,
			);
			defaultConfigurationIsVisible = 0;
			defaultConfigurationName = Release;
		};
/* End XCConfigurationList section */
	};
	rootObject = 6FD8CD26180DFC61008FF4D2 /* Project object */;
}
